{
  "name": "screensniper",
  "version": "1.0.0",
  "lockfileVersion": 3,
  "requires": true,
  "packages": {
    "": {
      "name": "screensniper",
      "version": "1.0.0",
      "license": "MIT",
      "dependencies": {
        "@screensniper/locales": "^1.2.0"
      },
      "devDependencies": {}
    },
    "node_modules/@screensniper/locales": {
      "version": "1.4.0",
      "resolved": "https://registry.npmjs.org/@screensniper/locales/-/locales-1.4.0.tgz",
      "integrity": "sha512-BaViLld8v/mI30rMmTWOUw08nKve3bXMlpM32VbUGcP6zclc4JvaUCrNxTTMMcH7mVr9UXFFPHws9+xojuS4iw==",
      "license": "MIT"
    }
  }
}
